{
  "name": "Project",
  "lockfileVersion": 3,
  "requires": true,
  "packages": {
    "": {
      "dependencies": {
        "diu-jsonstore": "github:labnann/diu-jsonstore"
      }
    },
    "node_modules/diu-jsonstore": {
      "version": "1.0.0",
      "resolved": "git+ssh://git@github.com/labnann/diu-jsonstore.git#dac463932b51198a63633c79c2077bb2f27d67a8",
      "license": "MIT"
    }
  }
}
